// !$*UTF8*$!
{
	archiveVersion = 1;
	classes = {
	};
	objectVersion = 46;
	objects = {

/* Begin PBXBuildFile section */
		43705A121E61CD080015E9A4 /* AppDelegate.swift in Sources */ = {isa = PBXBuildFile; fileRef = 43705A111E61CD080015E9A4 /* AppDelegate.swift */; };
		43705A141E61CD080015E9A4 /* ViewController.swift in Sources */ = {isa = PBXBuildFile; fileRef = 43705A131E61CD080015E9A4 /* ViewController.swift */; };
		43705A171E61CD080015E9A4 /* Main.storyboard in Resources */ = {isa = PBXBuildFile; fileRef = 43705A151E61CD080015E9A4 /* Main.storyboard */; };
		43705A191E61CD080015E9A4 /* Assets.xcassets in Resources */ = {isa = PBXBuildFile; fileRef = 43705A181E61CD080015E9A4 /* Assets.xcassets */; };
		43705A1C1E61CD080015E9A4 /* LaunchScreen.storyboard in Resources */ = {isa = PBXBuildFile; fileRef = 43705A1A1E61CD080015E9A4 /* LaunchScreen.storyboard */; };
		43705A271E61CD080015E9A4 /* StackadaStackTests.swift in Sources */ = {isa = PBXBuildFile; fileRef = 43705A261E61CD080015E9A4 /* StackadaStackTests.swift */; };
		43705A321E61CD080015E9A4 /* StackadaStackUITests.swift in Sources */ = {isa = PBXBuildFile; fileRef = 43705A311E61CD080015E9A4 /* StackadaStackUITests.swift */; };
/* End PBXBuildFile section */

/* Begin PBXContainerItemProxy section */
		43705A231E61CD080015E9A4 /* PBXContainerItemProxy */ = {
			isa = PBXContainerItemProxy;
			containerPortal = 43705A061E61CD070015E9A4 /* Project object */;
			proxyType = 1;
			remoteGlobalIDString = 43705A0D1E61CD070015E9A4;
			remoteInfo = StackadaStack;
		};
		43705A2E1E61CD080015E9A4 /* PBXContainerItemProxy */ = {
			isa = PBXContainerItemProxy;
			containerPortal = 43705A061E61CD070015E9A4 /* Project object */;
			proxyType = 1;
			remoteGlobalIDString = 43705A0D1E61CD070015E9A4;
			remoteInfo = StackadaStack;
		};
/* End PBXContainerItemProxy section */

/* Begin PBXFileReference section */
		43705A0E1E61CD080015E9A4 /* StackadaStack.app */ = {isa = PBXFileReference; explicitFileType = wrapper.application; includeInIndex = 0; path = StackadaStack.app; sourceTree = BUILT_PRODUCTS_DIR; };
		43705A111E61CD080015E9A4 /* AppDelegate.swift */ = {isa = PBXFileReference; lastKnownFileType = sourcecode.swift; path = AppDelegate.swift; sourceTree = "<group>"; };
		43705A131E61CD080015E9A4 /* ViewController.swift */ = {isa = PBXFileReference; lastKnownFileType = sourcecode.swift; path = ViewController.swift; sourceTree = "<group>"; };
		43705A161E61CD080015E9A4 /* Base */ = {isa = PBXFileReference; lastKnownFileType = file.storyboard; name = Base; path = Base.lproj/Main.storyboard; sourceTree = "<group>"; };
		43705A181E61CD080015E9A4 /* Assets.xcassets */ = {isa = PBXFileReference; lastKnownFileType = folder.assetcatalog; path = Assets.xcassets; sourceTree = "<group>"; };
		43705A1B1E61CD080015E9A4 /* Base */ = {isa = PBXFileReference; lastKnownFileType = file.storyboard; name = Base; path = Base.lproj/LaunchScreen.storyboard; sourceTree = "<group>"; };
		43705A1D1E61CD080015E9A4 /* Info.plist */ = {isa = PBXFileReference; lastKnownFileType = text.plist.xml; path = Info.plist; sourceTree = "<group>"; };
		43705A221E61CD080015E9A4 /* StackadaStackTests.xctest */ = {isa = PBXFileReference; explicitFileType = wrapper.cfbundle; includeInIndex = 0; path = StackadaStackTests.xctest; sourceTree = BUILT_PRODUCTS_DIR; };
		43705A261E61CD080015E9A4 /* StackadaStackTests.swift */ = {isa = PBXFileReference; lastKnownFileType = sourcecode.swift; path = StackadaStackTests.swift; sourceTree = "<group>"; };
		43705A281E61CD080015E9A4 /* Info.plist */ = {isa = PBXFileReference; lastKnownFileType = text.plist.xml; path = Info.plist; sourceTree = "<group>"; };
		43705A2D1E61CD080015E9A4 /* StackadaStackUITests.xctest */ = {isa = PBXFileReference; explicitFileType = wrapper.cfbundle; includeInIndex = 0; path = StackadaStackUITests.xctest; sourceTree = BUILT_PRODUCTS_DIR; };
		43705A311E61CD080015E9A4 /* StackadaStackUITests.swift */ = {isa = PBXFileReference; lastKnownFileType = sourcecode.swift; path = StackadaStackUITests.swift; sourceTree = "<group>"; };
		43705A331E61CD080015E9A4 /* Info.plist */ = {isa = PBXFileReference; lastKnownFileType = text.plist.xml; path = Info.plist; sourceTree = "<group>"; };
/* End PBXFileReference section */

/* Begin PBXFrameworksBuildPhase section */
		43705A0B1E61CD070015E9A4 /* Frameworks */ = {
			isa = PBXFrameworksBuildPhase;
			buildActionMask = 2147483647;
			files = (
			);
			runOnlyForDeploymentPostprocessing = 0;
		};
		43705A1F1E61CD080015E9A4 /* Frameworks */ = {
			isa = PBXFrameworksBuildPhase;
			buildActionMask = 2147483647;
			files = (
			);
			runOnlyForDeploymentPostprocessing = 0;
		};
		43705A2A1E61CD080015E9A4 /* Frameworks */ = {
			isa = PBXFrameworksBuildPhase;
			buildActionMask = 2147483647;
			files = (
			);
			runOnlyForDeploymentPostprocessing = 0;
		};
/* End PBXFrameworksBuildPhase section */

/* Begin PBXGroup section */
		43705A051E61CD070015E9A4 = {
			isa = PBXGroup;
			children = (
				43705A101E61CD080015E9A4 /* StackadaStack */,
				43705A251E61CD080015E9A4 /* StackadaStackTests */,
				43705A301E61CD080015E9A4 /* StackadaStackUITests */,
				43705A0F1E61CD080015E9A4 /* Products */,
			);
			sourceTree = "<group>";
		};
		43705A0F1E61CD080015E9A4 /* Products */ = {
			isa = PBXGroup;
			children = (
				43705A0E1E61CD080015E9A4 /* StackadaStack.app */,
				43705A221E61CD080015E9A4 /* StackadaStackTests.xctest */,
				43705A2D1E61CD080015E9A4 /* StackadaStackUITests.xctest */,
			);
			name = Products;
			sourceTree = "<group>";
		};
		43705A101E61CD080015E9A4 /* StackadaStack */ = {
			isa = PBXGroup;
			children = (
				43705A111E61CD080015E9A4 /* AppDelegate.swift */,
				43705A131E61CD080015E9A4 /* ViewController.swift */,
				43705A151E61CD080015E9A4 /* Main.storyboard */,
				43705A181E61CD080015E9A4 /* Assets.xcassets */,
				43705A1A1E61CD080015E9A4 /* LaunchScreen.storyboard */,
				43705A1D1E61CD080015E9A4 /* Info.plist */,
			);
			path = StackadaStack;
			sourceTree = "<group>";
		};
		43705A251E61CD080015E9A4 /* StackadaStackTests */ = {
			isa = PBXGroup;
			children = (
				43705A261E61CD080015E9A4 /* StackadaStackTests.swift */,
				43705A281E61CD080015E9A4 /* Info.plist */,
			);
			path = StackadaStackTests;
			sourceTree = "<group>";
		};
		43705A301E61CD080015E9A4 /* StackadaStackUITests */ = {
			isa = PBXGroup;
			children = (
				43705A311E61CD080015E9A4 /* StackadaStackUITests.swift */,
				43705A331E61CD080015E9A4 /* Info.plist */,
			);
			path = StackadaStackUITests;
			sourceTree = "<group>";
		};
/* End PBXGroup section */

/* Begin PBXNativeTarget section */
		43705A0D1E61CD070015E9A4 /* StackadaStack */ = {
			isa = PBXNativeTarget;
			buildConfigurationList = 43705A361E61CD080015E9A4 /* Build configuration list for PBXNativeTarget "StackadaStack" */;
			buildPhases = (
				43705A0A1E61CD070015E9A4 /* Sources */,
				43705A0B1E61CD070015E9A4 /* Frameworks */,
				43705A0C1E61CD070015E9A4 /* Resources */,
			);
			buildRules = (
			);
			dependencies = (
			);
			name = StackadaStack;
			productName = StackadaStack;
			productReference = 43705A0E1E61CD080015E9A4 /* StackadaStack.app */;
			productType = "com.apple.product-type.application";
		};
		43705A211E61CD080015E9A4 /* StackadaStackTests */ = {
			isa = PBXNativeTarget;
			buildConfigurationList = 43705A391E61CD080015E9A4 /* Build configuration list for PBXNativeTarget "StackadaStackTests" */;
			buildPhases = (
				43705A1E1E61CD080015E9A4 /* Sources */,
				43705A1F1E61CD080015E9A4 /* Frameworks */,
				43705A201E61CD080015E9A4 /* Resources */,
			);
			buildRules = (
			);
			dependencies = (
				43705A241E61CD080015E9A4 /* PBXTargetDependency */,
			);
			name = StackadaStackTests;
			productName = StackadaStackTests;
			productReference = 43705A221E61CD080015E9A4 /* StackadaStackTests.xctest */;
			productType = "com.apple.product-type.bundle.unit-test";
		};
		43705A2C1E61CD080015E9A4 /* StackadaStackUITests */ = {
			isa = PBXNativeTarget;
			buildConfigurationList = 43705A3C1E61CD080015E9A4 /* Build configuration list for PBXNativeTarget "StackadaStackUITests" */;
			buildPhases = (
				43705A291E61CD080015E9A4 /* Sources */,
				43705A2A1E61CD080015E9A4 /* Frameworks */,
				43705A2B1E61CD080015E9A4 /* Resources */,
			);
			buildRules = (
			);
			dependencies = (
				43705A2F1E61CD080015E9A4 /* PBXTargetDependency */,
			);
			name = StackadaStackUITests;
			productName = StackadaStackUITests;
			productReference = 43705A2D1E61CD080015E9A4 /* StackadaStackUITests.xctest */;
			productType = "com.apple.product-type.bundle.ui-testing";
		};
/* End PBXNativeTarget section */

/* Begin PBXProject section */
		43705A061E61CD070015E9A4 /* Project object */ = {
			isa = PBXProject;
			attributes = {
				LastSwiftUpdateCheck = 0820;
				LastUpgradeCheck = 0820;
				ORGANIZATIONNAME = "Justin Ward";
				TargetAttributes = {
					43705A0D1E61CD070015E9A4 = {
						CreatedOnToolsVersion = 8.2.1;
						DevelopmentTeam = WLHQBX3U53;
						ProvisioningStyle = Automatic;
					};
					43705A211E61CD080015E9A4 = {
						CreatedOnToolsVersion = 8.2.1;
						DevelopmentTeam = WLHQBX3U53;
						ProvisioningStyle = Automatic;
						TestTargetID = 43705A0D1E61CD070015E9A4;
					};
					43705A2C1E61CD080015E9A4 = {
						CreatedOnToolsVersion = 8.2.1;
						DevelopmentTeam = WLHQBX3U53;
						ProvisioningStyle = Automatic;
						TestTargetID = 43705A0D1E61CD070015E9A4;
					};
				};
			};
			buildConfigurationList = 43705A091E61CD070015E9A4 /* Build configuration list for PBXProject "StackadaStack" */;
			compatibilityVersion = "Xcode 3.2";
			developmentRegion = English;
			hasScannedForEncodings = 0;
			knownRegions = (
				en,
				Base,
			);
			mainGroup = 43705A051E61CD070015E9A4;
			productRefGroup = 43705A0F1E61CD080015E9A4 /* Products */;
			projectDirPath = "";
			projectRoot = "";
			targets = (
				43705A0D1E61CD070015E9A4 /* StackadaStack */,
				43705A211E61CD080015E9A4 /* StackadaStackTests */,
				43705A2C1E61CD080015E9A4 /* StackadaStackUITests */,
			);
		};
/* End PBXProject section */

/* Begin PBXResourcesBuildPhase section */
		43705A0C1E61CD070015E9A4 /* Resources */ = {
			isa = PBXResourcesBuildPhase;
			buildActionMask = 2147483647;
			files = (
				43705A1C1E61CD080015E9A4 /* LaunchScreen.storyboard in Resources */,
				43705A191E61CD080015E9A4 /* Assets.xcassets in Resources */,
				43705A171E61CD080015E9A4 /* Main.storyboard in Resources */,
			);
			runOnlyForDeploymentPostprocessing = 0;
		};
		43705A201E61CD080015E9A4 /* Resources */ = {
			isa = PBXResourcesBuildPhase;
			buildActionMask = 2147483647;
			files = (
			);
			runOnlyForDeploymentPostprocessing = 0;
		};
		43705A2B1E61CD080015E9A4 /* Resources */ = {
			isa = PBXResourcesBuildPhase;
			buildActionMask = 2147483647;
			files = (
			);
			runOnlyForDeploymentPostprocessing = 0;
		};
/* End PBXResourcesBuildPhase section */

/* Begin PBXSourcesBuildPhase section */
		43705A0A1E61CD070015E9A4 /* Sources */ = {
			isa = PBXSourcesBuildPhase;
			buildActionMask = 2147483647;
			files = (
				43705A141E61CD080015E9A4 /* ViewController.swift in Sources */,
				43705A121E61CD080015E9A4 /* AppDelegate.swift in Sources */,
			);
			runOnlyForDeploymentPostprocessing = 0;
		};
		43705A1E1E61CD080015E9A4 /* Sources */ = {
			isa = PBXSourcesBuildPhase;
			buildActionMask = 2147483647;
			files = (
				43705A271E61CD080015E9A4 /* StackadaStackTests.swift in Sources */,
			);
			runOnlyForDeploymentPostprocessing = 0;
		};
		43705A291E61CD080015E9A4 /* Sources */ = {
			isa = PBXSourcesBuildPhase;
			buildActionMask = 2147483647;
			files = (
				43705A321E61CD080015E9A4 /* StackadaStackUITests.swift in Sources */,
			);
			runOnlyForDeploymentPostprocessing = 0;
		};
/* End PBXSourcesBuildPhase section */

/* Begin PBXTargetDependency section */
		43705A241E61CD080015E9A4 /* PBXTargetDependency */ = {
			isa = PBXTargetDependency;
			target = 43705A0D1E61CD070015E9A4 /* StackadaStack */;
			targetProxy = 43705A231E61CD080015E9A4 /* PBXContainerItemProxy */;
		};
		43705A2F1E61CD080015E9A4 /* PBXTargetDependency */ = {
			isa = PBXTargetDependency;
			target = 43705A0D1E61CD070015E9A4 /* StackadaStack */;
			targetProxy = 43705A2E1E61CD080015E9A4 /* PBXContainerItemProxy */;
		};
/* End PBXTargetDependency section */

/* Begin PBXVariantGroup section */
		43705A151E61CD080015E9A4 /* Main.storyboard */ = {
			isa = PBXVariantGroup;
			children = (
				43705A161E61CD080015E9A4 /* Base */,
			);
			name = Main.storyboard;
			sourceTree = "<group>";
		};
		43705A1A1E61CD080015E9A4 /* LaunchScreen.storyboard */ = {
			isa = PBXVariantGroup;
			children = (
				43705A1B1E61CD080015E9A4 /* Base */,
			);
			name = LaunchScreen.storyboard;
			sourceTree = "<group>";
		};
/* End PBXVariantGroup section */

/* Begin XCBuildConfiguration section */
		43705A341E61CD080015E9A4 /* Debug */ = {
			isa = XCBuildConfiguration;
			buildSettings = {
				ALWAYS_SEARCH_USER_PATHS = NO;
				CLANG_ANALYZER_NONNULL = YES;
				CLANG_CXX_LANGUAGE_STANDARD = "gnu++0x";
				CLANG_CXX_LIBRARY = "libc++";
				CLANG_ENABLE_MODULES = YES;
				CLANG_ENABLE_OBJC_ARC = YES;
				CLANG_WARN_BOOL_CONVERSION = YES;
				CLANG_WARN_CONSTANT_CONVERSION = YES;
				CLANG_WARN_DIRECT_OBJC_ISA_USAGE = YES_ERROR;
				CLANG_WARN_DOCUMENTATION_COMMENTS = YES;
				CLANG_WARN_EMPTY_BODY = YES;
				CLANG_WARN_ENUM_CONVERSION = YES;
				CLANG_WARN_INFINITE_RECURSION = YES;
				CLANG_WARN_INT_CONVERSION = YES;
				CLANG_WARN_OBJC_ROOT_CLASS = YES_ERROR;
				CLANG_WARN_SUSPICIOUS_MOVE = YES;
				CLANG_WARN_UNREACHABLE_CODE = YES;
				CLANG_WARN__DUPLICATE_METHOD_MATCH = YES;
				"CODE_SIGN_IDENTITY[sdk=iphoneos*]" = "iPhone Developer";
				COPY_PHASE_STRIP = NO;
				DEBUG_INFORMATION_FORMAT = dwarf;
				ENABLE_STRICT_OBJC_MSGSEND = YES;
				ENABLE_TESTABILITY = YES;
				GCC_C_LANGUAGE_STANDARD = gnu99;
				GCC_DYNAMIC_NO_PIC = NO;
				GCC_NO_COMMON_BLOCKS = YES;
				GCC_OPTIMIZATION_LEVEL = 0;
				GCC_PREPROCESSOR_DEFINITIONS = (
					"DEBUG=1",
					"$(inherited)",
				);
				GCC_WARN_64_TO_32_BIT_CONVERSION = YES;
				GCC_WARN_ABOUT_RETURN_TYPE = YES_ERROR;
				GCC_WARN_UNDECLARED_SELECTOR = YES;
				GCC_WARN_UNINITIALIZED_AUTOS = YES_AGGRESSIVE;
				GCC_WARN_UNUSED_FUNCTION = YES;
				GCC_WARN_UNUSED_VARIABLE = YES;
				IPHONEOS_DEPLOYMENT_TARGET = 10.2;
				MTL_ENABLE_DEBUG_INFO = YES;
				ONLY_ACTIVE_ARCH = YES;
				SDKROOT = iphoneos;
				SWIFT_ACTIVE_COMPILATION_CONDITIONS = DEBUG;
				SWIFT_OPTIMIZATION_LEVEL = "-Onone";
				TARGETED_DEVICE_FAMILY = "1,2";
			};
			name = Debug;
		};
		43705A351E61CD080015E9A4 /* Release */ = {
			isa = XCBuildConfiguration;
			buildSettings = {
				ALWAYS_SEARCH_USER_PATHS = NO;
				CLANG_ANALYZER_NONNULL = YES;
				CLANG_CXX_LANGUAGE_STANDARD = "gnu++0x";
				CLANG_CXX_LIBRARY = "libc++";
				CLANG_ENABLE_MODULES = YES;
				CLANG_ENABLE_OBJC_ARC = YES;
				CLANG_WARN_BOOL_CONVERSION = YES;
				CLANG_WARN_CONSTANT_CONVERSION = YES;
				CLANG_WARN_DIRECT_OBJC_ISA_USAGE = YES_ERROR;
				CLANG_WARN_DOCUMENTATION_COMMENTS = YES;
				CLANG_WARN_EMPTY_BODY = YES;
				CLANG_WARN_ENUM_CONVERSION = YES;
				CLANG_WARN_INFINITE_RECURSION = YES;
				CLANG_WARN_INT_CONVERSION = YES;
				CLANG_WARN_OBJC_ROOT_CLASS = YES_ERROR;
				CLANG_WARN_SUSPICIOUS_MOVE = YES;
				CLANG_WARN_UNREACHABLE_CODE = YES;
				CLANG_WARN__DUPLICATE_METHOD_MATCH = YES;
				"CODE_SIGN_IDENTITY[sdk=iphoneos*]" = "iPhone Developer";
				COPY_PHASE_STRIP = NO;
				DEBUG_INFORMATION_FORMAT = "dwarf-with-dsym";
				ENABLE_NS_ASSERTIONS = NO;
				ENABLE_STRICT_OBJC_MSGSEND = YES;
				GCC_C_LANGUAGE_STANDARD = gnu99;
				GCC_NO_COMMON_BLOCKS = YES;
				GCC_WARN_64_TO_32_BIT_CONVERSION = YES;
				GCC_WARN_ABOUT_RETURN_TYPE = YES_ERROR;
				GCC_WARN_UNDECLARED_SELECTOR = YES;
				GCC_WARN_UNINITIALIZED_AUTOS = YES_AGGRESSIVE;
				GCC_WARN_UNUSED_FUNCTION = YES;
				GCC_WARN_UNUSED_VARIABLE = YES;
				IPHONEOS_DEPLOYMENT_TARGET = 10.2;
				MTL_ENABLE_DEBUG_INFO = NO;
				SDKROOT = iphoneos;
				SWIFT_OPTIMIZATION_LEVEL = "-Owholemodule";
				TARGETED_DEVICE_FAMILY = "1,2";
				VALIDATE_PRODUCT = YES;
			};
			name = Release;
		};
		43705A371E61CD080015E9A4 /* Debug */ = {
			isa = XCBuildConfiguration;
			buildSettings = {
				ASSETCATALOG_COMPILER_APPICON_NAME = AppIcon;
				DEVELOPMENT_TEAM = WLHQBX3U53;
				INFOPLIST_FILE = StackadaStack/Info.plist;
				LD_RUNPATH_SEARCH_PATHS = "$(inherited) @executable_path/Frameworks";
				PRODUCT_BUNDLE_IDENTIFIER = ninja.quietlike.StackadaStack;
				PRODUCT_NAME = "$(TARGET_NAME)";
				SWIFT_VERSION = 3.0;
			};
			name = Debug;
		};
		43705A381E61CD080015E9A4 /* Release */ = {
			isa = XCBuildConfiguration;
			buildSettings = {
				ASSETCATALOG_COMPILER_APPICON_NAME = AppIcon;
				DEVELOPMENT_TEAM = WLHQBX3U53;
				INFOPLIST_FILE = StackadaStack/Info.plist;
				LD_RUNPATH_SEARCH_PATHS = "$(inherited) @executable_path/Frameworks";
				PRODUCT_BUNDLE_IDENTIFIER = ninja.quietlike.StackadaStack;
				PRODUCT_NAME = "$(TARGET_NAME)";
				SWIFT_VERSION = 3.0;
			};
			name = Release;
		};
		43705A3A1E61CD080015E9A4 /* Debug */ = {
			isa = XCBuildConfiguration;
			buildSettings = {
				ALWAYS_EMBED_SWIFT_STANDARD_LIBRARIES = YES;
				BUNDLE_LOADER = "$(TEST_HOST)";
				DEVELOPMENT_TEAM = WLHQBX3U53;
				INFOPLIST_FILE = StackadaStackTests/Info.plist;
				LD_RUNPATH_SEARCH_PATHS = "$(inherited) @executable_path/Frameworks @loader_path/Frameworks";
				PRODUCT_BUNDLE_IDENTIFIER = ninja.quietlike.StackadaStackTests;
				PRODUCT_NAME = "$(TARGET_NAME)";
				SWIFT_VERSION = 3.0;
				TEST_HOST = "$(BUILT_PRODUCTS_DIR)/StackadaStack.app/StackadaStack";
			};
			name = Debug;
		};
		43705A3B1E61CD080015E9A4 /* Release */ = {
			isa = XCBuildConfiguration;
			buildSettings = {
				ALWAYS_EMBED_SWIFT_STANDARD_LIBRARIES = YES;
				BUNDLE_LOADER = "$(TEST_HOST)";
				DEVELOPMENT_TEAM = WLHQBX3U53;
				INFOPLIST_FILE = StackadaStackTests/Info.plist;
				LD_RUNPATH_SEARCH_PATHS = "$(inherited) @executable_path/Frameworks @loader_path/Frameworks";
				PRODUCT_BUNDLE_IDENTIFIER = ninja.quietlike.StackadaStackTests;
				PRODUCT_NAME = "$(TARGET_NAME)";
				SWIFT_VERSION = 3.0;
				TEST_HOST = "$(BUILT_PRODUCTS_DIR)/StackadaStack.app/StackadaStack";
			};
			name = Release;
		};
		43705A3D1E61CD080015E9A4 /* Debug */ = {
			isa = XCBuildConfiguration;
			buildSettings = {
				ALWAYS_EMBED_SWIFT_STANDARD_LIBRARIES = YES;
				DEVELOPMENT_TEAM = WLHQBX3U53;
				INFOPLIST_FILE = StackadaStackUITests/Info.plist;
				LD_RUNPATH_SEARCH_PATHS = "$(inherited) @executable_path/Frameworks @loader_path/Frameworks";
				PRODUCT_BUNDLE_IDENTIFIER = ninja.quietlike.StackadaStackUITests;
				PRODUCT_NAME = "$(TARGET_NAME)";
				SWIFT_VERSION = 3.0;
				TEST_TARGET_NAME = StackadaStack;
			};
			name = Debug;
		};
		43705A3E1E61CD080015E9A4 /* Release */ = {
			isa = XCBuildConfiguration;
			buildSettings = {
				ALWAYS_EMBED_SWIFT_STANDARD_LIBRARIES = YES;
				DEVELOPMENT_TEAM = WLHQBX3U53;
				INFOPLIST_FILE = StackadaStackUITests/Info.plist;
				LD_RUNPATH_SEARCH_PATHS = "$(inherited) @executable_path/Frameworks @loader_path/Frameworks";
				PRODUCT_BUNDLE_IDENTIFIER = ninja.quietlike.StackadaStackUITests;
				PRODUCT_NAME = "$(TARGET_NAME)";
				SWIFT_VERSION = 3.0;
				TEST_TARGET_NAME = StackadaStack;
			};
			name = Release;
		};
/* End XCBuildConfiguration section */

/* Begin XCConfigurationList section */
		43705A091E61CD070015E9A4 /* Build configuration list for PBXProject "StackadaStack" */ = {
			isa = XCConfigurationList;
			buildConfigurations = (
				43705A341E61CD080015E9A4 /* Debug */,
				43705A351E61CD080015E9A4 /* Release */,
			);
			defaultConfigurationIsVisible = 0;
			defaultConfigurationName = Release;
		};
		43705A361E61CD080015E9A4 /* Build configuration list for PBXNativeTarget "StackadaStack" */ = {
			isa = XCConfigurationList;
			buildConfigurations = (
				43705A371E61CD080015E9A4 /* Debug */,
				43705A381E61CD080015E9A4 /* Release */,
			);
			defaultConfigurationIsVisible = 0;
		};
		43705A391E61CD080015E9A4 /* Build configuration list for PBXNativeTarget "StackadaStackTests" */ = {
			isa = XCConfigurationList;
			buildConfigurations = (
				43705A3A1E61CD080015E9A4 /* Debug */,
				43705A3B1E61CD080015E9A4 /* Release */,
			);
			defaultConfigurationIsVisible = 0;
		};
		43705A3C1E61CD080015E9A4 /* Build configuration list for PBXNativeTarget "StackadaStackUITests" */ = {
			isa = XCConfigurationList;
			buildConfigurations = (
				43705A3D1E61CD080015E9A4 /* Debug */,
				43705A3E1E61CD080015E9A4 /* Release */,
			);
			defaultConfigurationIsVisible = 0;
		};
/* End XCConfigurationList section */
	};
	rootObject = 43705A061E61CD070015E9A4 /* Project object */;
}
